
Microsoft Visual Studio Solution File, Format Version 12.00
# Visual Studio Version 16
VisualStudioVersion = 16.0.31424.327
MinimumVisualStudioVersion = 10.0.40219.1
Project("{FAE04EC0-301F-11D3-BF4B-00C04F79EFBC}") = "Demo.BookStore", "Demo.BookStore\Demo.BookStore.csproj", "{8A05AF34-09CB-4DB5-B64D-B2B11DA9C43D}"
EndProject
Global
	GlobalSection(SolutionConfigurationPlatforms) = preSolution
		Debug|Any CPU = Debug|Any CPU
		Release|Any CPU = Release|Any CPU
	EndGlobalSection
	GlobalSection(ProjectConfigurationPlatforms) = postSolution
		{8A05AF34-09CB-4DB5-B64D-B2B11DA9C43D}.Debug|Any CPU.ActiveCfg = Debug|Any CPU
		{8A05AF34-09CB-4DB5-B64D-B2B11DA9C43D}.Debug|Any CPU.Build.0 = Debug|Any CPU
		{8A05AF34-09CB-4DB5-B64D-B2B11DA9C43D}.Release|Any CPU.ActiveCfg = Release|Any CPU
		{8A05AF34-09CB-4DB5-B64D-B2B11DA9C43D}.Release|Any CPU.Build.0 = Release|Any CPU
	EndGlobalSection
	GlobalSection(SolutionProperties) = preSolution
		HideSolutionNode = FALSE
	EndGlobalSection
	GlobalSection(ExtensibilityGlobals) = postSolution
		SolutionGuid = {F85D261A-2391-4DCF-9042-53C909566DF4}
	EndGlobalSection
EndGlobal
